{
  "pins" : [
    {
      "identity" : "ios-nrf-connect-device-manager",
      "kind" : "remoteSourceControl",
      "location" : "https://github.com/NordicSemiconductor/IOS-nRF-Connect-Device-Manager",
      "state" : {
        "revision" : "0b8e9c5090ae15b07275f33b9835b6e9544c734a",
        "version" : "1.3.0"
      }
    },
    {
      "identity" : "swiftcbor",
      "kind" : "remoteSourceControl",
      "location" : "https://github.com/unrelentingtech/SwiftCBOR.git",
      "state" : {
        "revision" : "895c9aa84ce3b04106905e398ac870e0cca59d26",
        "version" : "0.4.4"
      }
    }
  ],
  "version" : 2
}
